<?xml version="1.0" encoding="utf-8"?>
<Project ToolsVersion="4.0" xmlns="http://schemas.microsoft.com/developer/msbuild/2003">
  <ItemGroup>
    <ClInclude Include="stdafx.h" />
  </ItemGroup>
  <ItemGroup>
    <ClCompile Include="stdafx.cpp" />
    <ClCompile Include="main.cpp" />
    <ClCompile Include="vendor\pugixml\src\pugixml.cpp">
      <Filter>vendor\pugixml</Filter>
    </ClCompile>
  </ItemGroup>
  <ItemGroup>
    <Filter Include="vendor">
      <UniqueIdentifier>{391a4646-bc3d-4320-89eb-f6bcf5c18a55}</UniqueIdentifier>
    </Filter>
    <Filter Include="vendor\pugixml">
      <UniqueIdentifier>{3ba12521-1189-41cd-bfe3-029c59ec3253}</UniqueIdentifier>
    </Filter>
  </ItemGroup>
</Project>