<?xml version="1.0" encoding="utf-8"?>
<Project ToolsVersion="4.0" xmlns="http://schemas.microsoft.com/developer/msbuild/2003">
  <ItemGroup>
    <ClCompile Include="main.cpp" />
    <ClCompile Include="stdafx.cpp" />
    <ClCompile Include="vendor\pugixml\src\pugixml.cpp">
      <Filter>vendor\pugixml</Filter>
    </ClCompile>
  </ItemGroup>
  <ItemGroup>
    <ClInclude Include="stdafx.h" />
  </ItemGroup>
  <ItemGroup>
    <Filter Include="vendor">
      <UniqueIdentifier>{c012f710-62cd-4fc9-95b3-27e0e9f7a4c8}</UniqueIdentifier>
    </Filter>
    <Filter Include="vendor\pugixml">
      <UniqueIdentifier>{836eb7bc-45ee-4c4d-8323-62ef5938d456}</UniqueIdentifier>
    </Filter>
  </ItemGroup>
</Project>